
Microsoft Visual Studio Solution File, Format Version 12.00
# Visual Studio Version 17
VisualStudioVersion = 17.14.36109.1 d17.14
MinimumVisualStudioVersion = 10.0.40219.1
Project("{FAE04EC0-301F-11D3-BF4B-00C04F79EFBC}") = "KhanhLinh", "KhanhLinh\KhanhLinh.csproj", "{7DB1029B-D67F-48CA-8920-D92EF8594955}"
EndProject
Global
	GlobalSection(SolutionConfigurationPlatforms) = preSolution
		Debug|Any CPU = Debug|Any CPU
		Release|Any CPU = Release|Any CPU
	EndGlobalSection
	GlobalSection(ProjectConfigurationPlatforms) = postSolution
		{7DB1029B-D67F-48CA-8920-D92EF8594955}.Debug|Any CPU.ActiveCfg = Debug|Any CPU
		{7DB1029B-D67F-48CA-8920-D92EF8594955}.Debug|Any CPU.Build.0 = Debug|Any CPU
		{7DB1029B-D67F-48CA-8920-D92EF8594955}.Release|Any CPU.ActiveCfg = Release|Any CPU
		{7DB1029B-D67F-48CA-8920-D92EF8594955}.Release|Any CPU.Build.0 = Release|Any CPU
	EndGlobalSection
	GlobalSection(SolutionProperties) = preSolution
		HideSolutionNode = FALSE
	EndGlobalSection
	GlobalSection(ExtensibilityGlobals) = postSolution
		SolutionGuid = {0956A026-8399-4C4E-8190-7B1CBBDBE97E}
	EndGlobalSection
EndGlobal
